
Microsoft Visual Studio Solution File, Format Version 12.00
# Visual Studio 15
VisualStudioVersion = 15.0.26228.4
MinimumVisualStudioVersion = 10.0.40219.1
Project("{FAE04EC0-301F-11D3-BF4B-00C04F79EFBC}") = "API_Utils", "QR_API\API_Utils.csproj", "{63EE23B7-4102-4B3D-8269-573494E2F47A}"
EndProject
Project("{FAE04EC0-301F-11D3-BF4B-00C04F79EFBC}") = "DB_Library", "DB_Library\DB_Library.csproj", "{FA168F64-5254-4C90-BCFA-F9AD2E3AA5B6}"
EndProject
Project("{FAE04EC0-301F-11D3-BF4B-00C04F79EFBC}") = "Encripter", "..\..\..\Visual Studio 2015\Projects\Encripter_Forms\Encripter\Encripter.csproj", "{14E203A2-AD88-46ED-BBF2-913ADAD60836}"
EndProject
Project("{FAE04EC0-301F-11D3-BF4B-00C04F79EFBC}") = "QR_Ponche_Main", "QR_Ponche_Main\QR_Ponche_Main.csproj", "{50E29737-5EFB-4558-ABA3-D1335BBD34F2}"
EndProject
Global
	GlobalSection(SolutionConfigurationPlatforms) = preSolution
		Debug|Any CPU = Debug|Any CPU
		Release|Any CPU = Release|Any CPU
	EndGlobalSection
	GlobalSection(ProjectConfigurationPlatforms) = postSolution
		{63EE23B7-4102-4B3D-8269-573494E2F47A}.Debug|Any CPU.ActiveCfg = Debug|Any CPU
		{63EE23B7-4102-4B3D-8269-573494E2F47A}.Debug|Any CPU.Build.0 = Debug|Any CPU
		{63EE23B7-4102-4B3D-8269-573494E2F47A}.Release|Any CPU.ActiveCfg = Release|Any CPU
		{63EE23B7-4102-4B3D-8269-573494E2F47A}.Release|Any CPU.Build.0 = Release|Any CPU
		{FA168F64-5254-4C90-BCFA-F9AD2E3AA5B6}.Debug|Any CPU.ActiveCfg = Debug|Any CPU
		{FA168F64-5254-4C90-BCFA-F9AD2E3AA5B6}.Debug|Any CPU.Build.0 = Debug|Any CPU
		{FA168F64-5254-4C90-BCFA-F9AD2E3AA5B6}.Release|Any CPU.ActiveCfg = Release|Any CPU
		{FA168F64-5254-4C90-BCFA-F9AD2E3AA5B6}.Release|Any CPU.Build.0 = Release|Any CPU
		{14E203A2-AD88-46ED-BBF2-913ADAD60836}.Debug|Any CPU.ActiveCfg = Debug|Any CPU
		{14E203A2-AD88-46ED-BBF2-913ADAD60836}.Debug|Any CPU.Build.0 = Debug|Any CPU
		{14E203A2-AD88-46ED-BBF2-913ADAD60836}.Release|Any CPU.ActiveCfg = Release|Any CPU
		{14E203A2-AD88-46ED-BBF2-913ADAD60836}.Release|Any CPU.Build.0 = Release|Any CPU
		{50E29737-5EFB-4558-ABA3-D1335BBD34F2}.Debug|Any CPU.ActiveCfg = Debug|Any CPU
		{50E29737-5EFB-4558-ABA3-D1335BBD34F2}.Debug|Any CPU.Build.0 = Debug|Any CPU
		{50E29737-5EFB-4558-ABA3-D1335BBD34F2}.Release|Any CPU.ActiveCfg = Release|Any CPU
		{50E29737-5EFB-4558-ABA3-D1335BBD34F2}.Release|Any CPU.Build.0 = Release|Any CPU
	EndGlobalSection
	GlobalSection(SolutionProperties) = preSolution
		HideSolutionNode = FALSE
	EndGlobalSection
EndGlobal
